
Microsoft Visual Studio Solution File, Format Version 12.00
# Visual Studio Version 16
VisualStudioVersion = 16.0.31911.196
MinimumVisualStudioVersion = 10.0.40219.1
Project("{FAE04EC0-301F-11D3-BF4B-00C04F79EFBC}") = "Amtech.BookStore", "Amtech.BookStore\Amtech.BookStore.csproj", "{B2C1AF75-BA1C-44A9-9B8A-9C087F397CF9}"
EndProject
Global
	GlobalSection(SolutionConfigurationPlatforms) = preSolution
		Debug|Any CPU = Debug|Any CPU
		Release|Any CPU = Release|Any CPU
	EndGlobalSection
	GlobalSection(ProjectConfigurationPlatforms) = postSolution
		{B2C1AF75-BA1C-44A9-9B8A-9C087F397CF9}.Debug|Any CPU.ActiveCfg = Debug|Any CPU
		{B2C1AF75-BA1C-44A9-9B8A-9C087F397CF9}.Debug|Any CPU.Build.0 = Debug|Any CPU
		{B2C1AF75-BA1C-44A9-9B8A-9C087F397CF9}.Release|Any CPU.ActiveCfg = Release|Any CPU
		{B2C1AF75-BA1C-44A9-9B8A-9C087F397CF9}.Release|Any CPU.Build.0 = Release|Any CPU
	EndGlobalSection
	GlobalSection(SolutionProperties) = preSolution
		HideSolutionNode = FALSE
	EndGlobalSection
	GlobalSection(ExtensibilityGlobals) = postSolution
		SolutionGuid = {8BACAE2E-9AB5-4304-8178-7252DC20E330}
	EndGlobalSection
EndGlobal
